
Microsoft Visual Studio Solution File, Format Version 12.00
# Visual Studio Version 16
VisualStudioVersion = 16.0.32126.315
MinimumVisualStudioVersion = 10.0.40219.1
Project("{FAE04EC0-301F-11D3-BF4B-00C04F79EFBC}") = "SimpleInterest.UWP", "SimpleInterest.UWP\SimpleInterest.UWP.csproj", "{4E04464C-6B2F-4AF6-9ADA-F253A99B1324}"
EndProject
Project("{FAE04EC0-301F-11D3-BF4B-00C04F79EFBC}") = "SimpleInterest.Android", "SimpleInterest.Android\SimpleInterest.Android.csproj", "{6E0341C7-58D0-44FA-9A15-B5B31F34A9E5}"
EndProject
Project("{FAE04EC0-301F-11D3-BF4B-00C04F79EFBC}") = "SimpleInterest.iOS", "SimpleInterest.iOS\SimpleInterest.iOS.csproj", "{201BB445-29DB-412A-B29A-17AAAC25912F}"
EndProject
Project("{FAE04EC0-301F-11D3-BF4B-00C04F79EFBC}") = "SimpleInterest", "SimpleInterest\SimpleInterest.csproj", "{06A38D6E-1943-4B10-98DC-4F9A4D9B9CFB}"
EndProject
Global
	GlobalSection(SolutionConfigurationPlatforms) = preSolution
		Debug|Any CPU = Debug|Any CPU
		Debug|ARM = Debug|ARM
		Debug|iPhone = Debug|iPhone
		Debug|iPhoneSimulator = Debug|iPhoneSimulator
		Debug|x64 = Debug|x64
		Debug|x86 = Debug|x86
		Release|Any CPU = Release|Any CPU
		Release|ARM = Release|ARM
		Release|iPhone = Release|iPhone
		Release|iPhoneSimulator = Release|iPhoneSimulator
		Release|x64 = Release|x64
		Release|x86 = Release|x86
	EndGlobalSection
	GlobalSection(ProjectConfigurationPlatforms) = postSolution
		{4E04464C-6B2F-4AF6-9ADA-F253A99B1324}.Debug|Any CPU.ActiveCfg = Debug|x86
		{4E04464C-6B2F-4AF6-9ADA-F253A99B1324}.Debug|Any CPU.Build.0 = Debug|x86
		{4E04464C-6B2F-4AF6-9ADA-F253A99B1324}.Debug|Any CPU.Deploy.0 = Debug|x86
		{4E04464C-6B2F-4AF6-9ADA-F253A99B1324}.Debug|ARM.ActiveCfg = Debug|ARM
		{4E04464C-6B2F-4AF6-9ADA-F253A99B1324}.Debug|ARM.Build.0 = Debug|ARM
		{4E04464C-6B2F-4AF6-9ADA-F253A99B1324}.Debug|ARM.Deploy.0 = Debug|ARM
		{4E04464C-6B2F-4AF6-9ADA-F253A99B1324}.Debug|iPhone.ActiveCfg = Debug|x86
		{4E04464C-6B2F-4AF6-9ADA-F253A99B1324}.Debug|iPhone.Build.0 = Debug|x86
		{4E04464C-6B2F-4AF6-9ADA-F253A99B1324}.Debug|iPhone.Deploy.0 = Debug|x86
		{4E04464C-6B2F-4AF6-9ADA-F253A99B1324}.Debug|iPhoneSimulator.ActiveCfg = Debug|x86
		{4E04464C-6B2F-4AF6-9ADA-F253A99B1324}.Debug|iPhoneSimulator.Build.0 = Debug|x86
		{4E04464C-6B2F-4AF6-9ADA-F253A99B1324}.Debug|iPhoneSimulator.Deploy.0 = Debug|x86
		{4E04464C-6B2F-4AF6-9ADA-F253A99B1324}.Debug|x64.ActiveCfg = Debug|x64
		{4E04464C-6B2F-4AF6-9ADA-F253A99B1324}.Debug|x64.Build.0 = Debug|x64
		{4E04464C-6B2F-4AF6-9ADA-F253A99B1324}.Debug|x64.Deploy.0 = Debug|x64
		{4E04464C-6B2F-4AF6-9ADA-F253A99B1324}.Debug|x86.ActiveCfg = Debug|x86
		{4E04464C-6B2F-4AF6-9ADA-F253A99B1324}.Debug|x86.Build.0 = Debug|x86
		{4E04464C-6B2F-4AF6-9ADA-F253A99B1324}.Debug|x86.Deploy.0 = Debug|x86
		{4E04464C-6B2F-4AF6-9ADA-F253A99B1324}.Release|Any CPU.ActiveCfg = Release|x86
		{4E04464C-6B2F-4AF6-9ADA-F253A99B1324}.Release|Any CPU.Build.0 = Release|x86
		{4E04464C-6B2F-4AF6-9ADA-F253A99B1324}.Release|Any CPU.Deploy.0 = Release|x86
		{4E04464C-6B2F-4AF6-9ADA-F253A99B1324}.Release|ARM.ActiveCfg = Release|ARM
		{4E04464C-6B2F-4AF6-9ADA-F253A99B1324}.Release|ARM.Build.0 = Release|ARM
		{4E04464C-6B2F-4AF6-9ADA-F253A99B1324}.Release|ARM.Deploy.0 = Release|ARM
		{4E04464C-6B2F-4AF6-9ADA-F253A99B1324}.Release|iPhone.ActiveCfg = Release|x86
		{4E04464C-6B2F-4AF6-9ADA-F253A99B1324}.Release|iPhone.Build.0 = Release|x86
		{4E04464C-6B2F-4AF6-9ADA-F253A99B1324}.Release|iPhone.Deploy.0 = Release|x86
		{4E04464C-6B2F-4AF6-9ADA-F253A99B1324}.Release|iPhoneSimulator.ActiveCfg = Release|x86
		{4E04464C-6B2F-4AF6-9ADA-F253A99B1324}.Release|iPhoneSimulator.Build.0 = Release|x86
		{4E04464C-6B2F-4AF6-9ADA-F253A99B1324}.Release|iPhoneSimulator.Deploy.0 = Release|x86
		{4E04464C-6B2F-4AF6-9ADA-F253A99B1324}.Release|x64.ActiveCfg = Release|x64
		{4E04464C-6B2F-4AF6-9ADA-F253A99B1324}.Release|x64.Build.0 = Release|x64
		{4E04464C-6B2F-4AF6-9ADA-F253A99B1324}.Release|x64.Deploy.0 = Release|x64
		{4E04464C-6B2F-4AF6-9ADA-F253A99B1324}.Release|x86.ActiveCfg = Release|x86
		{4E04464C-6B2F-4AF6-9ADA-F253A99B1324}.Release|x86.Build.0 = Release|x86
		{4E04464C-6B2F-4AF6-9ADA-F253A99B1324}.Release|x86.Deploy.0 = Release|x86
		{6E0341C7-58D0-44FA-9A15-B5B31F34A9E5}.Debug|Any CPU.ActiveCfg = Debug|Any CPU
		{6E0341C7-58D0-44FA-9A15-B5B31F34A9E5}.Debug|Any CPU.Build.0 = Debug|Any CPU
		{6E0341C7-58D0-44FA-9A15-B5B31F34A9E5}.Debug|Any CPU.Deploy.0 = Debug|Any CPU
		{6E0341C7-58D0-44FA-9A15-B5B31F34A9E5}.Debug|ARM.ActiveCfg = Debug|Any CPU
		{6E0341C7-58D0-44FA-9A15-B5B31F34A9E5}.Debug|ARM.Build.0 = Debug|Any CPU
		{6E0341C7-58D0-44FA-9A15-B5B31F34A9E5}.Debug|ARM.Deploy.0 = Debug|Any CPU
		{6E0341C7-58D0-44FA-9A15-B5B31F34A9E5}.Debug|iPhone.ActiveCfg = Debug|Any CPU
		{6E0341C7-58D0-44FA-9A15-B5B31F34A9E5}.Debug|iPhone.Build.0 = Debug|Any CPU
		{6E0341C7-58D0-44FA-9A15-B5B31F34A9E5}.Debug|iPhone.Deploy.0 = Debug|Any CPU
		{6E0341C7-58D0-44FA-9A15-B5B31F34A9E5}.Debug|iPhoneSimulator.ActiveCfg = Debug|Any CPU
		{6E0341C7-58D0-44FA-9A15-B5B31F34A9E5}.Debug|iPhoneSimulator.Build.0 = Debug|Any CPU
		{6E0341C7-58D0-44FA-9A15-B5B31F34A9E5}.Debug|iPhoneSimulator.Deploy.0 = Debug|Any CPU
		{6E0341C7-58D0-44FA-9A15-B5B31F34A9E5}.Debug|x64.ActiveCfg = Debug|Any CPU
		{6E0341C7-58D0-44FA-9A15-B5B31F34A9E5}.Debug|x64.Build.0 = Debug|Any CPU
		{6E0341C7-58D0-44FA-9A15-B5B31F34A9E5}.Debug|x64.Deploy.0 = Debug|Any CPU
		{6E0341C7-58D0-44FA-9A15-B5B31F34A9E5}.Debug|x86.ActiveCfg = Debug|Any CPU
		{6E0341C7-58D0-44FA-9A15-B5B31F34A9E5}.Debug|x86.Build.0 = Debug|Any CPU
		{6E0341C7-58D0-44FA-9A15-B5B31F34A9E5}.Debug|x86.Deploy.0 = Debug|Any CPU
		{6E0341C7-58D0-44FA-9A15-B5B31F34A9E5}.Release|Any CPU.ActiveCfg = Release|Any CPU
		{6E0341C7-58D0-44FA-9A15-B5B31F34A9E5}.Release|Any CPU.Build.0 = Release|Any CPU
		{6E0341C7-58D0-44FA-9A15-B5B31F34A9E5}.Release|Any CPU.Deploy.0 = Release|Any CPU
		{6E0341C7-58D0-44FA-9A15-B5B31F34A9E5}.Release|ARM.ActiveCfg = Release|Any CPU
		{6E0341C7-58D0-44FA-9A15-B5B31F34A9E5}.Release|ARM.Build.0 = Release|Any CPU
		{6E0341C7-58D0-44FA-9A15-B5B31F34A9E5}.Release|ARM.Deploy.0 = Release|Any CPU
		{6E0341C7-58D0-44FA-9A15-B5B31F34A9E5}.Release|iPhone.ActiveCfg = Release|Any CPU
		{6E0341C7-58D0-44FA-9A15-B5B31F34A9E5}.Release|iPhone.Build.0 = Release|Any CPU
		{6E0341C7-58D0-44FA-9A15-B5B31F34A9E5}.Release|iPhone.Deploy.0 = Release|Any CPU
		{6E0341C7-58D0-44FA-9A15-B5B31F34A9E5}.Release|iPhoneSimulator.ActiveCfg = Release|Any CPU
		{6E0341C7-58D0-44FA-9A15-B5B31F34A9E5}.Release|iPhoneSimulator.Build.0 = Release|Any CPU
		{6E0341C7-58D0-44FA-9A15-B5B31F34A9E5}.Release|iPhoneSimulator.Deploy.0 = Release|Any CPU
		{6E0341C7-58D0-44FA-9A15-B5B31F34A9E5}.Release|x64.ActiveCfg = Release|Any CPU
		{6E0341C7-58D0-44FA-9A15-B5B31F34A9E5}.Release|x64.Build.0 = Release|Any CPU
		{6E0341C7-58D0-44FA-9A15-B5B31F34A9E5}.Release|x64.Deploy.0 = Release|Any CPU
		{6E0341C7-58D0-44FA-9A15-B5B31F34A9E5}.Release|x86.ActiveCfg = Release|Any CPU
		{6E0341C7-58D0-44FA-9A15-B5B31F34A9E5}.Release|x86.Build.0 = Release|Any CPU
		{6E0341C7-58D0-44FA-9A15-B5B31F34A9E5}.Release|x86.Deploy.0 = Release|Any CPU
		{201BB445-29DB-412A-B29A-17AAAC25912F}.Debug|Any CPU.ActiveCfg = Debug|iPhoneSimulator
		{201BB445-29DB-412A-B29A-17AAAC25912F}.Debug|Any CPU.Build.0 = Debug|iPhoneSimulator
		{201BB445-29DB-412A-B29A-17AAAC25912F}.Debug|Any CPU.Deploy.0 = Debug|iPhoneSimulator
		{201BB445-29DB-412A-B29A-17AAAC25912F}.Debug|ARM.ActiveCfg = Debug|iPhone
		{201BB445-29DB-412A-B29A-17AAAC25912F}.Debug|ARM.Build.0 = Debug|iPhone
		{201BB445-29DB-412A-B29A-17AAAC25912F}.Debug|ARM.Deploy.0 = Debug|iPhone
		{201BB445-29DB-412A-B29A-17AAAC25912F}.Debug|iPhone.ActiveCfg = Debug|iPhone
		{201BB445-29DB-412A-B29A-17AAAC25912F}.Debug|iPhone.Build.0 = Debug|iPhone
		{201BB445-29DB-412A-B29A-17AAAC25912F}.Debug|iPhone.Deploy.0 = Debug|iPhone
		{201BB445-29DB-412A-B29A-17AAAC25912F}.Debug|iPhoneSimulator.ActiveCfg = Debug|iPhoneSimulator
		{201BB445-29DB-412A-B29A-17AAAC25912F}.Debug|iPhoneSimulator.Build.0 = Debug|iPhoneSimulator
		{201BB445-29DB-412A-B29A-17AAAC25912F}.Debug|iPhoneSimulator.Deploy.0 = Debug|iPhoneSimulator
		{201BB445-29DB-412A-B29A-17AAAC25912F}.Debug|x64.ActiveCfg = Debug|iPhoneSimulator
		{201BB445-29DB-412A-B29A-17AAAC25912F}.Debug|x64.Build.0 = Debug|iPhoneSimulator
		{201BB445-29DB-412A-B29A-17AAAC25912F}.Debug|x64.Deploy.0 = Debug|iPhoneSimulator
		{201BB445-29DB-412A-B29A-17AAAC25912F}.Debug|x86.ActiveCfg = Debug|iPhoneSimulator
		{201BB445-29DB-412A-B29A-17AAAC25912F}.Debug|x86.Build.0 = Debug|iPhoneSimulator
		{201BB445-29DB-412A-B29A-17AAAC25912F}.Debug|x86.Deploy.0 = Debug|iPhoneSimulator
		{201BB445-29DB-412A-B29A-17AAAC25912F}.Release|Any CPU.ActiveCfg = Release|iPhoneSimulator
		{201BB445-29DB-412A-B29A-17AAAC25912F}.Release|Any CPU.Build.0 = Release|iPhoneSimulator
		{201BB445-29DB-412A-B29A-17AAAC25912F}.Release|Any CPU.Deploy.0 = Release|iPhoneSimulator
		{201BB445-29DB-412A-B29A-17AAAC25912F}.Release|ARM.ActiveCfg = Release|iPhoneSimulator
		{201BB445-29DB-412A-B29A-17AAAC25912F}.Release|ARM.Build.0 = Release|iPhoneSimulator
		{201BB445-29DB-412A-B29A-17AAAC25912F}.Release|ARM.Deploy.0 = Release|iPhoneSimulator
		{201BB445-29DB-412A-B29A-17AAAC25912F}.Release|iPhone.ActiveCfg = Release|iPhone
		{201BB445-29DB-412A-B29A-17AAAC25912F}.Release|iPhone.Build.0 = Release|iPhone
		{201BB445-29DB-412A-B29A-17AAAC25912F}.Release|iPhone.Deploy.0 = Release|iPhone
		{201BB445-29DB-412A-B29A-17AAAC25912F}.Release|iPhoneSimulator.ActiveCfg = Release|iPhoneSimulator
		{201BB445-29DB-412A-B29A-17AAAC25912F}.Release|iPhoneSimulator.Build.0 = Release|iPhoneSimulator
		{201BB445-29DB-412A-B29A-17AAAC25912F}.Release|iPhoneSimulator.Deploy.0 = Release|iPhoneSimulator
		{201BB445-29DB-412A-B29A-17AAAC25912F}.Release|x64.ActiveCfg = Release|iPhoneSimulator
		{201BB445-29DB-412A-B29A-17AAAC25912F}.Release|x64.Build.0 = Release|iPhoneSimulator
		{201BB445-29DB-412A-B29A-17AAAC25912F}.Release|x64.Deploy.0 = Release|iPhoneSimulator
		{201BB445-29DB-412A-B29A-17AAAC25912F}.Release|x86.ActiveCfg = Release|iPhoneSimulator
		{201BB445-29DB-412A-B29A-17AAAC25912F}.Release|x86.Build.0 = Release|iPhoneSimulator
		{201BB445-29DB-412A-B29A-17AAAC25912F}.Release|x86.Deploy.0 = Release|iPhoneSimulator
		{06A38D6E-1943-4B10-98DC-4F9A4D9B9CFB}.Debug|Any CPU.ActiveCfg = Debug|Any CPU
		{06A38D6E-1943-4B10-98DC-4F9A4D9B9CFB}.Debug|Any CPU.Build.0 = Debug|Any CPU
		{06A38D6E-1943-4B10-98DC-4F9A4D9B9CFB}.Debug|Any CPU.Deploy.0 = Debug|Any CPU
		{06A38D6E-1943-4B10-98DC-4F9A4D9B9CFB}.Debug|ARM.ActiveCfg = Debug|Any CPU
		{06A38D6E-1943-4B10-98DC-4F9A4D9B9CFB}.Debug|ARM.Build.0 = Debug|Any CPU
		{06A38D6E-1943-4B10-98DC-4F9A4D9B9CFB}.Debug|ARM.Deploy.0 = Debug|Any CPU
		{06A38D6E-1943-4B10-98DC-4F9A4D9B9CFB}.Debug|iPhone.ActiveCfg = Debug|Any CPU
		{06A38D6E-1943-4B10-98DC-4F9A4D9B9CFB}.Debug|iPhone.Build.0 = Debug|Any CPU
		{06A38D6E-1943-4B10-98DC-4F9A4D9B9CFB}.Debug|iPhone.Deploy.0 = Debug|Any CPU
		{06A38D6E-1943-4B10-98DC-4F9A4D9B9CFB}.Debug|iPhoneSimulator.ActiveCfg = Debug|Any CPU
		{06A38D6E-1943-4B10-98DC-4F9A4D9B9CFB}.Debug|iPhoneSimulator.Build.0 = Debug|Any CPU
		{06A38D6E-1943-4B10-98DC-4F9A4D9B9CFB}.Debug|iPhoneSimulator.Deploy.0 = Debug|Any CPU
		{06A38D6E-1943-4B10-98DC-4F9A4D9B9CFB}.Debug|x64.ActiveCfg = Debug|Any CPU
		{06A38D6E-1943-4B10-98DC-4F9A4D9B9CFB}.Debug|x64.Build.0 = Debug|Any CPU
		{06A38D6E-1943-4B10-98DC-4F9A4D9B9CFB}.Debug|x64.Deploy.0 = Debug|Any CPU
		{06A38D6E-1943-4B10-98DC-4F9A4D9B9CFB}.Debug|x86.ActiveCfg = Debug|Any CPU
		{06A38D6E-1943-4B10-98DC-4F9A4D9B9CFB}.Debug|x86.Build.0 = Debug|Any CPU
		{06A38D6E-1943-4B10-98DC-4F9A4D9B9CFB}.Debug|x86.Deploy.0 = Debug|Any CPU
		{06A38D6E-1943-4B10-98DC-4F9A4D9B9CFB}.Release|Any CPU.ActiveCfg = Release|Any CPU
		{06A38D6E-1943-4B10-98DC-4F9A4D9B9CFB}.Release|Any CPU.Build.0 = Release|Any CPU
		{06A38D6E-1943-4B10-98DC-4F9A4D9B9CFB}.Release|Any CPU.Deploy.0 = Release|Any CPU
		{06A38D6E-1943-4B10-98DC-4F9A4D9B9CFB}.Release|ARM.ActiveCfg = Release|Any CPU
		{06A38D6E-1943-4B10-98DC-4F9A4D9B9CFB}.Release|ARM.Build.0 = Release|Any CPU
		{06A38D6E-1943-4B10-98DC-4F9A4D9B9CFB}.Release|ARM.Deploy.0 = Release|Any CPU
		{06A38D6E-1943-4B10-98DC-4F9A4D9B9CFB}.Release|iPhone.ActiveCfg = Release|Any CPU
		{06A38D6E-1943-4B10-98DC-4F9A4D9B9CFB}.Release|iPhone.Build.0 = Release|Any CPU
		{06A38D6E-1943-4B10-98DC-4F9A4D9B9CFB}.Release|iPhone.Deploy.0 = Release|Any CPU
		{06A38D6E-1943-4B10-98DC-4F9A4D9B9CFB}.Release|iPhoneSimulator.ActiveCfg = Release|Any CPU
		{06A38D6E-1943-4B10-98DC-4F9A4D9B9CFB}.Release|iPhoneSimulator.Build.0 = Release|Any CPU
		{06A38D6E-1943-4B10-98DC-4F9A4D9B9CFB}.Release|iPhoneSimulator.Deploy.0 = Release|Any CPU
		{06A38D6E-1943-4B10-98DC-4F9A4D9B9CFB}.Release|x64.ActiveCfg = Release|Any CPU
		{06A38D6E-1943-4B10-98DC-4F9A4D9B9CFB}.Release|x64.Build.0 = Release|Any CPU
		{06A38D6E-1943-4B10-98DC-4F9A4D9B9CFB}.Release|x64.Deploy.0 = Release|Any CPU
		{06A38D6E-1943-4B10-98DC-4F9A4D9B9CFB}.Release|x86.ActiveCfg = Release|Any CPU
		{06A38D6E-1943-4B10-98DC-4F9A4D9B9CFB}.Release|x86.Build.0 = Release|Any CPU
		{06A38D6E-1943-4B10-98DC-4F9A4D9B9CFB}.Release|x86.Deploy.0 = Release|Any CPU
	EndGlobalSection
	GlobalSection(SolutionProperties) = preSolution
		HideSolutionNode = FALSE
	EndGlobalSection
	GlobalSection(ExtensibilityGlobals) = postSolution
		SolutionGuid = {CE7C81BD-9B05-41DC-B4DA-6A1A2B038259}
	EndGlobalSection
EndGlobal
